
Microsoft Visual Studio Solution File, Format Version 12.00
# Visual Studio Version 17
VisualStudioVersion = 17.13.35825.156 d17.13
MinimumVisualStudioVersion = 10.0.40219.1
Project("{FAE04EC0-301F-11D3-BF4B-00C04F79EFBC}") = "jogo", "jogo\jogo.csproj", "{20F07632-9B5B-4240-86C3-34C99396447E}"
EndProject
Global
	GlobalSection(SolutionConfigurationPlatforms) = preSolution
		Debug|Any CPU = Debug|Any CPU
		Release|Any CPU = Release|Any CPU
	EndGlobalSection
	GlobalSection(ProjectConfigurationPlatforms) = postSolution
		{20F07632-9B5B-4240-86C3-34C99396447E}.Debug|Any CPU.ActiveCfg = Debug|Any CPU
		{20F07632-9B5B-4240-86C3-34C99396447E}.Debug|Any CPU.Build.0 = Debug|Any CPU
		{20F07632-9B5B-4240-86C3-34C99396447E}.Release|Any CPU.ActiveCfg = Release|Any CPU
		{20F07632-9B5B-4240-86C3-34C99396447E}.Release|Any CPU.Build.0 = Release|Any CPU
	EndGlobalSection
	GlobalSection(SolutionProperties) = preSolution
		HideSolutionNode = FALSE
	EndGlobalSection
	GlobalSection(ExtensibilityGlobals) = postSolution
		SolutionGuid = {FCDB0E4F-4F1D-4EE9-A3B5-8E792791B271}
	EndGlobalSection
EndGlobal
